{
  "name": "client",
  "version": "1.0.0",
  "lockfileVersion": 1,
  "requires": true,
  "dependencies": {
    "elm-spa": {
      "version": "4.1.1",
      "resolved": "https://registry.npmjs.org/elm-spa/-/elm-spa-4.1.1.tgz",
      "integrity": "sha512-Gqwos1ykJ2N4zSXsq0CZ0pFEh66cMwSmkfTuVEwASyR0o7jC/GE0Es4Y/45ZHfoVxtDGqE0Y+uGf/Khtw6145w==",
      "dev": true
    }
  }
}
